// !$*UTF8*$!
{
	archiveVersion = 1;
	classes = {
	};
	objectVersion = 46;
	objects = {

/* Begin PBXBuildFile section */
		4302EA731CB7ECD1003F3B5D /* CoreDataBase.swift in Sources */ = {isa = PBXBuildFile; fileRef = 4302EA721CB7ECD1003F3B5D /* CoreDataBase.swift */; };
		4302EAB91CB7EE49003F3B5D /* TallyBookModels.xcdatamodeld in Sources */ = {isa = PBXBuildFile; fileRef = 4302EAB71CB7EE49003F3B5D /* TallyBookModels.xcdatamodeld */; };
		4302EABC1CB7F4BD003F3B5D /* BillManagedObject+CoreDataProperties.swift in Sources */ = {isa = PBXBuildFile; fileRef = 4302EABA1CB7F4BD003F3B5D /* BillManagedObject+CoreDataProperties.swift */; };
		4302EABD1CB7F4BD003F3B5D /* BillManagedObject.swift in Sources */ = {isa = PBXBuildFile; fileRef = 4302EABB1CB7F4BD003F3B5D /* BillManagedObject.swift */; };
		4302EAC11CB9E89A003F3B5D /* CalculatorView.swift in Sources */ = {isa = PBXBuildFile; fileRef = 4302EABF1CB9E89A003F3B5D /* CalculatorView.swift */; };
		43278CAD1C93FC5400D955F1 /* AppDelegate.swift in Sources */ = {isa = PBXBuildFile; fileRef = 43278CAC1C93FC5400D955F1 /* AppDelegate.swift */; };
		43278CAF1C93FC5400D955F1 /* ViewController.swift in Sources */ = {isa = PBXBuildFile; fileRef = 43278CAE1C93FC5400D955F1 /* ViewController.swift */; };
		43278CB21C93FC5400D955F1 /* Main.storyboard in Resources */ = {isa = PBXBuildFile; fileRef = 43278CB01C93FC5400D955F1 /* Main.storyboard */; };
		43278CB41C93FC5400D955F1 /* Assets.xcassets in Resources */ = {isa = PBXBuildFile; fileRef = 43278CB31C93FC5400D955F1 /* Assets.xcassets */; };
		43278CC21C93FC5400D955F1 /* TallyBookTests.swift in Sources */ = {isa = PBXBuildFile; fileRef = 43278CC11C93FC5400D955F1 /* TallyBookTests.swift */; };
		43278CCD1C93FC5400D955F1 /* TallyBookUITests.swift in Sources */ = {isa = PBXBuildFile; fileRef = 43278CCC1C93FC5400D955F1 /* TallyBookUITests.swift */; };
		43278CDC1C9464EA00D955F1 /* LaunchScreen.storyboard in Resources */ = {isa = PBXBuildFile; fileRef = 43278CDA1C9464EA00D955F1 /* LaunchScreen.storyboard */; };
		43278D0E1C946F2400D955F1 /* GlobalDef.swift in Sources */ = {isa = PBXBuildFile; fileRef = 43278D0D1C946F2400D955F1 /* GlobalDef.swift */; };
/* End PBXBuildFile section */

/* Begin PBXContainerItemProxy section */
		43278CBE1C93FC5400D955F1 /* PBXContainerItemProxy */ = {
			isa = PBXContainerItemProxy;
			containerPortal = 43278CA11C93FC5400D955F1 /* Project object */;
			proxyType = 1;
			remoteGlobalIDString = 43278CA81C93FC5400D955F1;
			remoteInfo = TallyBook;
		};
		43278CC91C93FC5400D955F1 /* PBXContainerItemProxy */ = {
			isa = PBXContainerItemProxy;
			containerPortal = 43278CA11C93FC5400D955F1 /* Project object */;
			proxyType = 1;
			remoteGlobalIDString = 43278CA81C93FC5400D955F1;
			remoteInfo = TallyBook;
		};
		43278CFE1C946C0200D955F1 /* PBXContainerItemProxy */ = {
			isa = PBXContainerItemProxy;
			containerPortal = 43278CDF1C946BA000D955F1 /* SQLite.xcodeproj */;
			proxyType = 2;
			remoteGlobalIDString = EE247AD31C3F04ED00AE3E12;
			remoteInfo = "SQLite iOS";
		};
		43278D001C946C0200D955F1 /* PBXContainerItemProxy */ = {
			isa = PBXContainerItemProxy;
			containerPortal = 43278CDF1C946BA000D955F1 /* SQLite.xcodeproj */;
			proxyType = 2;
			remoteGlobalIDString = EE247ADD1C3F04ED00AE3E12;
			remoteInfo = "SQLiteTests iOS";
		};
		43278D021C946C0200D955F1 /* PBXContainerItemProxy */ = {
			isa = PBXContainerItemProxy;
			containerPortal = 43278CDF1C946BA000D955F1 /* SQLite.xcodeproj */;
			proxyType = 2;
			remoteGlobalIDString = EE247B3C1C3F3ED000AE3E12;
			remoteInfo = "SQLite Mac";
		};
		43278D041C946C0200D955F1 /* PBXContainerItemProxy */ = {
			isa = PBXContainerItemProxy;
			containerPortal = 43278CDF1C946BA000D955F1 /* SQLite.xcodeproj */;
			proxyType = 2;
			remoteGlobalIDString = EE247B451C3F3ED000AE3E12;
			remoteInfo = "SQLiteTests Mac";
		};
		43278D061C946C0200D955F1 /* PBXContainerItemProxy */ = {
			isa = PBXContainerItemProxy;
			containerPortal = 43278CDF1C946BA000D955F1 /* SQLite.xcodeproj */;
			proxyType = 2;
			remoteGlobalIDString = 03A65E5A1C6BB0F50062603F;
			remoteInfo = "SQLite tvOS";
		};
		43278D081C946C0200D955F1 /* PBXContainerItemProxy */ = {
			isa = PBXContainerItemProxy;
			containerPortal = 43278CDF1C946BA000D955F1 /* SQLite.xcodeproj */;
			proxyType = 2;
			remoteGlobalIDString = 03A65E631C6BB0F60062603F;
			remoteInfo = "SQLiteTests tvOS";
		};
/* End PBXContainerItemProxy section */

/* Begin PBXFileReference section */
		4302EA721CB7ECD1003F3B5D /* CoreDataBase.swift */ = {isa = PBXFileReference; fileEncoding = 4; lastKnownFileType = sourcecode.swift; path = CoreDataBase.swift; sourceTree = "<group>"; };
		4302EAB81CB7EE49003F3B5D /* TallyBookModels.xcdatamodel */ = {isa = PBXFileReference; lastKnownFileType = wrapper.xcdatamodel; path = TallyBookModels.xcdatamodel; sourceTree = "<group>"; };
		4302EABA1CB7F4BD003F3B5D /* BillManagedObject+CoreDataProperties.swift */ = {isa = PBXFileReference; fileEncoding = 4; lastKnownFileType = sourcecode.swift; path = "BillManagedObject+CoreDataProperties.swift"; sourceTree = "<group>"; };
		4302EABB1CB7F4BD003F3B5D /* BillManagedObject.swift */ = {isa = PBXFileReference; fileEncoding = 4; lastKnownFileType = sourcecode.swift; path = BillManagedObject.swift; sourceTree = "<group>"; };
		4302EABF1CB9E89A003F3B5D /* CalculatorView.swift */ = {isa = PBXFileReference; fileEncoding = 4; lastKnownFileType = sourcecode.swift; path = CalculatorView.swift; sourceTree = "<group>"; };
		43278CA91C93FC5400D955F1 /* TallyBook.app */ = {isa = PBXFileReference; explicitFileType = wrapper.application; includeInIndex = 0; path = TallyBook.app; sourceTree = BUILT_PRODUCTS_DIR; };
		43278CAC1C93FC5400D955F1 /* AppDelegate.swift */ = {isa = PBXFileReference; lastKnownFileType = sourcecode.swift; path = AppDelegate.swift; sourceTree = "<group>"; };
		43278CAE1C93FC5400D955F1 /* ViewController.swift */ = {isa = PBXFileReference; lastKnownFileType = sourcecode.swift; path = ViewController.swift; sourceTree = "<group>"; };
		43278CB11C93FC5400D955F1 /* Base */ = {isa = PBXFileReference; lastKnownFileType = file.storyboard; name = Base; path = Base.lproj/Main.storyboard; sourceTree = "<group>"; };
		43278CB31C93FC5400D955F1 /* Assets.xcassets */ = {isa = PBXFileReference; lastKnownFileType = folder.assetcatalog; path = Assets.xcassets; sourceTree = "<group>"; };
		43278CB81C93FC5400D955F1 /* Info.plist */ = {isa = PBXFileReference; lastKnownFileType = text.plist.xml; path = Info.plist; sourceTree = "<group>"; };
		43278CBD1C93FC5400D955F1 /* TallyBookTests.xctest */ = {isa = PBXFileReference; explicitFileType = wrapper.cfbundle; includeInIndex = 0; path = TallyBookTests.xctest; sourceTree = BUILT_PRODUCTS_DIR; };
		43278CC11C93FC5400D955F1 /* TallyBookTests.swift */ = {isa = PBXFileReference; lastKnownFileType = sourcecode.swift; path = TallyBookTests.swift; sourceTree = "<group>"; };
		43278CC31C93FC5400D955F1 /* Info.plist */ = {isa = PBXFileReference; lastKnownFileType = text.plist.xml; path = Info.plist; sourceTree = "<group>"; };
		43278CC81C93FC5400D955F1 /* TallyBookUITests.xctest */ = {isa = PBXFileReference; explicitFileType = wrapper.cfbundle; includeInIndex = 0; path = TallyBookUITests.xctest; sourceTree = BUILT_PRODUCTS_DIR; };
		43278CCC1C93FC5400D955F1 /* TallyBookUITests.swift */ = {isa = PBXFileReference; lastKnownFileType = sourcecode.swift; path = TallyBookUITests.swift; sourceTree = "<group>"; };
		43278CCE1C93FC5400D955F1 /* Info.plist */ = {isa = PBXFileReference; lastKnownFileType = text.plist.xml; path = Info.plist; sourceTree = "<group>"; };
		43278CDB1C9464EA00D955F1 /* Base */ = {isa = PBXFileReference; lastKnownFileType = file.storyboard; name = Base; path = Base.lproj/LaunchScreen.storyboard; sourceTree = "<group>"; };
		43278CDF1C946BA000D955F1 /* SQLite.xcodeproj */ = {isa = PBXFileReference; lastKnownFileType = "wrapper.pb-project"; name = SQLite.xcodeproj; path = "../../../Downloads/SQLite.swift-master/SQLite.xcodeproj"; sourceTree = "<group>"; };
		43278D0C1C946E8700D955F1 /* PrefixHeader.pch */ = {isa = PBXFileReference; lastKnownFileType = sourcecode.c.h; name = PrefixHeader.pch; path = ../PrefixHeader.pch; sourceTree = "<group>"; };
		43278D0D1C946F2400D955F1 /* GlobalDef.swift */ = {isa = PBXFileReference; fileEncoding = 4; lastKnownFileType = sourcecode.swift; name = GlobalDef.swift; path = ../GlobalDef.swift; sourceTree = "<group>"; };
/* End PBXFileReference section */

/* Begin PBXFrameworksBuildPhase section */
		43278CA61C93FC5400D955F1 /* Frameworks */ = {
			isa = PBXFrameworksBuildPhase;
			buildActionMask = 2147483647;
			files = (
			);
			runOnlyForDeploymentPostprocessing = 0;
		};
		43278CBA1C93FC5400D955F1 /* Frameworks */ = {
			isa = PBXFrameworksBuildPhase;
			buildActionMask = 2147483647;
			files = (
			);
			runOnlyForDeploymentPostprocessing = 0;
		};
		43278CC51C93FC5400D955F1 /* Frameworks */ = {
			isa = PBXFrameworksBuildPhase;
			buildActionMask = 2147483647;
			files = (
			);
			runOnlyForDeploymentPostprocessing = 0;
		};
/* End PBXFrameworksBuildPhase section */

/* Begin PBXGroup section */
		43278CA01C93FC5400D955F1 = {
			isa = PBXGroup;
			children = (
				43278CAB1C93FC5400D955F1 /* TallyBook */,
				43278CF51C946BF600D955F1 /* ThirdParty */,
				43278CC01C93FC5400D955F1 /* TallyBookTests */,
				43278CCB1C93FC5400D955F1 /* TallyBookUITests */,
				43278CAA1C93FC5400D955F1 /* Products */,
			);
			sourceTree = "<group>";
		};
		43278CAA1C93FC5400D955F1 /* Products */ = {
			isa = PBXGroup;
			children = (
				43278CA91C93FC5400D955F1 /* TallyBook.app */,
				43278CBD1C93FC5400D955F1 /* TallyBookTests.xctest */,
				43278CC81C93FC5400D955F1 /* TallyBookUITests.xctest */,
			);
			name = Products;
			sourceTree = "<group>";
		};
		43278CAB1C93FC5400D955F1 /* TallyBook */ = {
			isa = PBXGroup;
			children = (
				43278CAC1C93FC5400D955F1 /* AppDelegate.swift */,
				43278CAE1C93FC5400D955F1 /* ViewController.swift */,
				4302EABF1CB9E89A003F3B5D /* CalculatorView.swift */,
				43278CB01C93FC5400D955F1 /* Main.storyboard */,
				43278CB31C93FC5400D955F1 /* Assets.xcassets */,
				43278CDA1C9464EA00D955F1 /* LaunchScreen.storyboard */,
				43278CB81C93FC5400D955F1 /* Info.plist */,
				43278D0C1C946E8700D955F1 /* PrefixHeader.pch */,
				43278D0D1C946F2400D955F1 /* GlobalDef.swift */,
				4302EA721CB7ECD1003F3B5D /* CoreDataBase.swift */,
				4302EAB71CB7EE49003F3B5D /* TallyBookModels.xcdatamodeld */,
				4302EABA1CB7F4BD003F3B5D /* BillManagedObject+CoreDataProperties.swift */,
				4302EABB1CB7F4BD003F3B5D /* BillManagedObject.swift */,
			);
			path = TallyBook;
			sourceTree = "<group>";
		};
		43278CC01C93FC5400D955F1 /* TallyBookTests */ = {
			isa = PBXGroup;
			children = (
				43278CC11C93FC5400D955F1 /* TallyBookTests.swift */,
				43278CC31C93FC5400D955F1 /* Info.plist */,
			);
			path = TallyBookTests;
			sourceTree = "<group>";
		};
		43278CCB1C93FC5400D955F1 /* TallyBookUITests */ = {
			isa = PBXGroup;
			children = (
				43278CCC1C93FC5400D955F1 /* TallyBookUITests.swift */,
				43278CCE1C93FC5400D955F1 /* Info.plist */,
			);
			path = TallyBookUITests;
			sourceTree = "<group>";
		};
		43278CF51C946BF600D955F1 /* ThirdParty */ = {
			isa = PBXGroup;
			children = (
				43278CDF1C946BA000D955F1 /* SQLite.xcodeproj */,
			);
			name = ThirdParty;
			sourceTree = "<group>";
		};
		43278CF61C946C0200D955F1 /* Products */ = {
			isa = PBXGroup;
			children = (
				43278CFF1C946C0200D955F1 /* SQLite.framework */,
				43278D011C946C0200D955F1 /* SQLiteTests iOS.xctest */,
				43278D031C946C0200D955F1 /* SQLite.framework */,
				43278D051C946C0200D955F1 /* SQLiteTests Mac.xctest */,
				43278D071C946C0200D955F1 /* SQLite.framework */,
				43278D091C946C0200D955F1 /* SQLiteTests tvOS.xctest */,
			);
			name = Products;
			sourceTree = "<group>";
		};
/* End PBXGroup section */

/* Begin PBXNativeTarget section */
		43278CA81C93FC5400D955F1 /* TallyBook */ = {
			isa = PBXNativeTarget;
			buildConfigurationList = 43278CD11C93FC5400D955F1 /* Build configuration list for PBXNativeTarget "TallyBook" */;
			buildPhases = (
				43278CA51C93FC5400D955F1 /* Sources */,
				43278CA61C93FC5400D955F1 /* Frameworks */,
				43278CA71C93FC5400D955F1 /* Resources */,
			);
			buildRules = (
			);
			dependencies = (
			);
			name = TallyBook;
			productName = TallyBook;
			productReference = 43278CA91C93FC5400D955F1 /* TallyBook.app */;
			productType = "com.apple.product-type.application";
		};
		43278CBC1C93FC5400D955F1 /* TallyBookTests */ = {
			isa = PBXNativeTarget;
			buildConfigurationList = 43278CD41C93FC5400D955F1 /* Build configuration list for PBXNativeTarget "TallyBookTests" */;
			buildPhases = (
				43278CB91C93FC5400D955F1 /* Sources */,
				43278CBA1C93FC5400D955F1 /* Frameworks */,
				43278CBB1C93FC5400D955F1 /* Resources */,
			);
			buildRules = (
			);
			dependencies = (
				43278CBF1C93FC5400D955F1 /* PBXTargetDependency */,
			);
			name = TallyBookTests;
			productName = TallyBookTests;
			productReference = 43278CBD1C93FC5400D955F1 /* TallyBookTests.xctest */;
			productType = "com.apple.product-type.bundle.unit-test";
		};
		43278CC71C93FC5400D955F1 /* TallyBookUITests */ = {
			isa = PBXNativeTarget;
			buildConfigurationList = 43278CD71C93FC5400D955F1 /* Build configuration list for PBXNativeTarget "TallyBookUITests" */;
			buildPhases = (
				43278CC41C93FC5400D955F1 /* Sources */,
				43278CC51C93FC5400D955F1 /* Frameworks */,
				43278CC61C93FC5400D955F1 /* Resources */,
			);
			buildRules = (
			);
			dependencies = (
				43278CCA1C93FC5400D955F1 /* PBXTargetDependency */,
			);
			name = TallyBookUITests;
			productName = TallyBookUITests;
			productReference = 43278CC81C93FC5400D955F1 /* TallyBookUITests.xctest */;
			productType = "com.apple.product-type.bundle.ui-testing";
		};
/* End PBXNativeTarget section */

/* Begin PBXProject section */
		43278CA11C93FC5400D955F1 /* Project object */ = {
			isa = PBXProject;
			attributes = {
				LastSwiftUpdateCheck = 0720;
				LastUpgradeCheck = 0720;
				ORGANIZATIONNAME = YinmingJi;
				TargetAttributes = {
					43278CA81C93FC5400D955F1 = {
						CreatedOnToolsVersion = 7.2;
						DevelopmentTeam = AG93A23W76;
					};
					43278CBC1C93FC5400D955F1 = {
						CreatedOnToolsVersion = 7.2;
						DevelopmentTeam = G3BGBWNLPT;
						TestTargetID = 43278CA81C93FC5400D955F1;
					};
					43278CC71C93FC5400D955F1 = {
						CreatedOnToolsVersion = 7.2;
						DevelopmentTeam = G3BGBWNLPT;
						TestTargetID = 43278CA81C93FC5400D955F1;
					};
				};
			};
			buildConfigurationList = 43278CA41C93FC5400D955F1 /* Build configuration list for PBXProject "TallyBook" */;
			compatibilityVersion = "Xcode 3.2";
			developmentRegion = English;
			hasScannedForEncodings = 0;
			knownRegions = (
				en,
				Base,
			);
			mainGroup = 43278CA01C93FC5400D955F1;
			productRefGroup = 43278CAA1C93FC5400D955F1 /* Products */;
			projectDirPath = "";
			projectReferences = (
				{
					ProductGroup = 43278CF61C946C0200D955F1 /* Products */;
					ProjectRef = 43278CDF1C946BA000D955F1 /* SQLite.xcodeproj */;
				},
			);
			projectRoot = "";
			targets = (
				43278CA81C93FC5400D955F1 /* TallyBook */,
				43278CBC1C93FC5400D955F1 /* TallyBookTests */,
				43278CC71C93FC5400D955F1 /* TallyBookUITests */,
			);
		};
/* End PBXProject section */

/* Begin PBXReferenceProxy section */
		43278CFF1C946C0200D955F1 /* SQLite.framework */ = {
			isa = PBXReferenceProxy;
			fileType = wrapper.framework;
			path = SQLite.framework;
			remoteRef = 43278CFE1C946C0200D955F1 /* PBXContainerItemProxy */;
			sourceTree = BUILT_PRODUCTS_DIR;
		};
		43278D011C946C0200D955F1 /* SQLiteTests iOS.xctest */ = {
			isa = PBXReferenceProxy;
			fileType = wrapper.cfbundle;
			path = "SQLiteTests iOS.xctest";
			remoteRef = 43278D001C946C0200D955F1 /* PBXContainerItemProxy */;
			sourceTree = BUILT_PRODUCTS_DIR;
		};
		43278D031C946C0200D955F1 /* SQLite.framework */ = {
			isa = PBXReferenceProxy;
			fileType = wrapper.framework;
			path = SQLite.framework;
			remoteRef = 43278D021C946C0200D955F1 /* PBXContainerItemProxy */;
			sourceTree = BUILT_PRODUCTS_DIR;
		};
		43278D051C946C0200D955F1 /* SQLiteTests Mac.xctest */ = {
			isa = PBXReferenceProxy;
			fileType = wrapper.cfbundle;
			path = "SQLiteTests Mac.xctest";
			remoteRef = 43278D041C946C0200D955F1 /* PBXContainerItemProxy */;
			sourceTree = BUILT_PRODUCTS_DIR;
		};
		43278D071C946C0200D955F1 /* SQLite.framework */ = {
			isa = PBXReferenceProxy;
			fileType = wrapper.framework;
			path = SQLite.framework;
			remoteRef = 43278D061C946C0200D955F1 /* PBXContainerItemProxy */;
			sourceTree = BUILT_PRODUCTS_DIR;
		};
		43278D091C946C0200D955F1 /* SQLiteTests tvOS.xctest */ = {
			isa = PBXReferenceProxy;
			fileType = wrapper.cfbundle;
			path = "SQLiteTests tvOS.xctest";
			remoteRef = 43278D081C946C0200D955F1 /* PBXContainerItemProxy */;
			sourceTree = BUILT_PRODUCTS_DIR;
		};
/* End PBXReferenceProxy section */

/* Begin PBXResourcesBuildPhase section */
		43278CA71C93FC5400D955F1 /* Resources */ = {
			isa = PBXResourcesBuildPhase;
			buildActionMask = 2147483647;
			files = (
				43278CDC1C9464EA00D955F1 /* LaunchScreen.storyboard in Resources */,
				43278CB41C93FC5400D955F1 /* Assets.xcassets in Resources */,
				43278CB21C93FC5400D955F1 /* Main.storyboard in Resources */,
			);
			runOnlyForDeploymentPostprocessing = 0;
		};
		43278CBB1C93FC5400D955F1 /* Resources */ = {
			isa = PBXResourcesBuildPhase;
			buildActionMask = 2147483647;
			files = (
			);
			runOnlyForDeploymentPostprocessing = 0;
		};
		43278CC61C93FC5400D955F1 /* Resources */ = {
			isa = PBXResourcesBuildPhase;
			buildActionMask = 2147483647;
			files = (
			);
			runOnlyForDeploymentPostprocessing = 0;
		};
/* End PBXResourcesBuildPhase section */

/* Begin PBXSourcesBuildPhase section */
		43278CA51C93FC5400D955F1 /* Sources */ = {
			isa = PBXSourcesBuildPhase;
			buildActionMask = 2147483647;
			files = (
				43278CAF1C93FC5400D955F1 /* ViewController.swift in Sources */,
				43278CAD1C93FC5400D955F1 /* AppDelegate.swift in Sources */,
				4302EABD1CB7F4BD003F3B5D /* BillManagedObject.swift in Sources */,
				43278D0E1C946F2400D955F1 /* GlobalDef.swift in Sources */,
				4302EAC11CB9E89A003F3B5D /* CalculatorView.swift in Sources */,
				4302EABC1CB7F4BD003F3B5D /* BillManagedObject+CoreDataProperties.swift in Sources */,
				4302EAB91CB7EE49003F3B5D /* TallyBookModels.xcdatamodeld in Sources */,
				4302EA731CB7ECD1003F3B5D /* CoreDataBase.swift in Sources */,
			);
			runOnlyForDeploymentPostprocessing = 0;
		};
		43278CB91C93FC5400D955F1 /* Sources */ = {
			isa = PBXSourcesBuildPhase;
			buildActionMask = 2147483647;
			files = (
				43278CC21C93FC5400D955F1 /* TallyBookTests.swift in Sources */,
			);
			runOnlyForDeploymentPostprocessing = 0;
		};
		43278CC41C93FC5400D955F1 /* Sources */ = {
			isa = PBXSourcesBuildPhase;
			buildActionMask = 2147483647;
			files = (
				43278CCD1C93FC5400D955F1 /* TallyBookUITests.swift in Sources */,
			);
			runOnlyForDeploymentPostprocessing = 0;
		};
/* End PBXSourcesBuildPhase section */

/* Begin PBXTargetDependency section */
		43278CBF1C93FC5400D955F1 /* PBXTargetDependency */ = {
			isa = PBXTargetDependency;
			target = 43278CA81C93FC5400D955F1 /* TallyBook */;
			targetProxy = 43278CBE1C93FC5400D955F1 /* PBXContainerItemProxy */;
		};
		43278CCA1C93FC5400D955F1 /* PBXTargetDependency */ = {
			isa = PBXTargetDependency;
			target = 43278CA81C93FC5400D955F1 /* TallyBook */;
			targetProxy = 43278CC91C93FC5400D955F1 /* PBXContainerItemProxy */;
		};
/* End PBXTargetDependency section */

/* Begin PBXVariantGroup section */
		43278CB01C93FC5400D955F1 /* Main.storyboard */ = {
			isa = PBXVariantGroup;
			children = (
				43278CB11C93FC5400D955F1 /* Base */,
			);
			name = Main.storyboard;
			sourceTree = "<group>";
		};
		43278CDA1C9464EA00D955F1 /* LaunchScreen.storyboard */ = {
			isa = PBXVariantGroup;
			children = (
				43278CDB1C9464EA00D955F1 /* Base */,
			);
			name = LaunchScreen.storyboard;
			sourceTree = "<group>";
		};
/* End PBXVariantGroup section */

/* Begin XCBuildConfiguration section */
		43278CCF1C93FC5400D955F1 /* Debug */ = {
			isa = XCBuildConfiguration;
			buildSettings = {
				ALWAYS_SEARCH_USER_PATHS = NO;
				CLANG_CXX_LANGUAGE_STANDARD = "gnu++0x";
				CLANG_CXX_LIBRARY = "libc++";
				CLANG_ENABLE_MODULES = YES;
				CLANG_ENABLE_OBJC_ARC = YES;
				CLANG_WARN_BOOL_CONVERSION = YES;
				CLANG_WARN_CONSTANT_CONVERSION = YES;
				CLANG_WARN_DIRECT_OBJC_ISA_USAGE = YES_ERROR;
				CLANG_WARN_EMPTY_BODY = YES;
				CLANG_WARN_ENUM_CONVERSION = YES;
				CLANG_WARN_INT_CONVERSION = YES;
				CLANG_WARN_OBJC_ROOT_CLASS = YES_ERROR;
				CLANG_WARN_UNREACHABLE_CODE = YES;
				CLANG_WARN__DUPLICATE_METHOD_MATCH = YES;
				"CODE_SIGN_IDENTITY[sdk=iphoneos*]" = "iPhone Developer";
				COPY_PHASE_STRIP = NO;
				DEBUG_INFORMATION_FORMAT = dwarf;
				ENABLE_STRICT_OBJC_MSGSEND = YES;
				ENABLE_TESTABILITY = YES;
				GCC_C_LANGUAGE_STANDARD = gnu99;
				GCC_DYNAMIC_NO_PIC = NO;
				GCC_NO_COMMON_BLOCKS = YES;
				GCC_OPTIMIZATION_LEVEL = 0;
				GCC_PREPROCESSOR_DEFINITIONS = (
					"DEBUG=1",
					"$(inherited)",
				);
				GCC_WARN_64_TO_32_BIT_CONVERSION = YES;
				GCC_WARN_ABOUT_RETURN_TYPE = YES_ERROR;
				GCC_WARN_UNDECLARED_SELECTOR = YES;
				GCC_WARN_UNINITIALIZED_AUTOS = YES_AGGRESSIVE;
				GCC_WARN_UNUSED_FUNCTION = YES;
				GCC_WARN_UNUSED_VARIABLE = YES;
				IPHONEOS_DEPLOYMENT_TARGET = 9.2;
				MTL_ENABLE_DEBUG_INFO = YES;
				ONLY_ACTIVE_ARCH = YES;
				SDKROOT = iphoneos;
				SWIFT_OPTIMIZATION_LEVEL = "-Onone";
			};
			name = Debug;
		};
		43278CD01C93FC5400D955F1 /* Release */ = {
			isa = XCBuildConfiguration;
			buildSettings = {
				ALWAYS_SEARCH_USER_PATHS = NO;
				CLANG_CXX_LANGUAGE_STANDARD = "gnu++0x";
				CLANG_CXX_LIBRARY = "libc++";
				CLANG_ENABLE_MODULES = YES;
				CLANG_ENABLE_OBJC_ARC = YES;
				CLANG_WARN_BOOL_CONVERSION = YES;
				CLANG_WARN_CONSTANT_CONVERSION = YES;
				CLANG_WARN_DIRECT_OBJC_ISA_USAGE = YES_ERROR;
				CLANG_WARN_EMPTY_BODY = YES;
				CLANG_WARN_ENUM_CONVERSION = YES;
				CLANG_WARN_INT_CONVERSION = YES;
				CLANG_WARN_OBJC_ROOT_CLASS = YES_ERROR;
				CLANG_WARN_UNREACHABLE_CODE = YES;
				CLANG_WARN__DUPLICATE_METHOD_MATCH = YES;
				"CODE_SIGN_IDENTITY[sdk=iphoneos*]" = "iPhone Developer";
				COPY_PHASE_STRIP = NO;
				DEBUG_INFORMATION_FORMAT = "dwarf-with-dsym";
				ENABLE_NS_ASSERTIONS = NO;
				ENABLE_STRICT_OBJC_MSGSEND = YES;
				GCC_C_LANGUAGE_STANDARD = gnu99;
				GCC_NO_COMMON_BLOCKS = YES;
				GCC_WARN_64_TO_32_BIT_CONVERSION = YES;
				GCC_WARN_ABOUT_RETURN_TYPE = YES_ERROR;
				GCC_WARN_UNDECLARED_SELECTOR = YES;
				GCC_WARN_UNINITIALIZED_AUTOS = YES_AGGRESSIVE;
				GCC_WARN_UNUSED_FUNCTION = YES;
				GCC_WARN_UNUSED_VARIABLE = YES;
				IPHONEOS_DEPLOYMENT_TARGET = 9.2;
				MTL_ENABLE_DEBUG_INFO = NO;
				SDKROOT = iphoneos;
				VALIDATE_PRODUCT = YES;
			};
			name = Release;
		};
		43278CD21C93FC5400D955F1 /* Debug */ = {
			isa = XCBuildConfiguration;
			buildSettings = {
				ASSETCATALOG_COMPILER_APPICON_NAME = AppIcon;
				ASSETCATALOG_COMPILER_LAUNCHIMAGE_NAME = LaunchImage;
				CODE_SIGN_IDENTITY = "iPhone Developer";
				INFOPLIST_FILE = TallyBook/Info.plist;
				LD_RUNPATH_SEARCH_PATHS = "$(inherited) @executable_path/Frameworks";
				PRODUCT_BUNDLE_IDENTIFIER = com.yinmingji.TallyBook;
				PRODUCT_NAME = "$(TARGET_NAME)";
			};
			name = Debug;
		};
		43278CD31C93FC5400D955F1 /* Release */ = {
			isa = XCBuildConfiguration;
			buildSettings = {
				ASSETCATALOG_COMPILER_APPICON_NAME = AppIcon;
				ASSETCATALOG_COMPILER_LAUNCHIMAGE_NAME = LaunchImage;
				CODE_SIGN_IDENTITY = "iPhone Developer";
				INFOPLIST_FILE = TallyBook/Info.plist;
				LD_RUNPATH_SEARCH_PATHS = "$(inherited) @executable_path/Frameworks";
				PRODUCT_BUNDLE_IDENTIFIER = com.yinmingji.TallyBook;
				PRODUCT_NAME = "$(TARGET_NAME)";
			};
			name = Release;
		};
		43278CD51C93FC5400D955F1 /* Debug */ = {
			isa = XCBuildConfiguration;
			buildSettings = {
				BUNDLE_LOADER = "$(TEST_HOST)";
				INFOPLIST_FILE = TallyBookTests/Info.plist;
				LD_RUNPATH_SEARCH_PATHS = "$(inherited) @executable_path/Frameworks @loader_path/Frameworks";
				PRODUCT_BUNDLE_IDENTIFIER = com.yinmingji.TallyBookTests;
				PRODUCT_NAME = "$(TARGET_NAME)";
				TEST_HOST = "$(BUILT_PRODUCTS_DIR)/TallyBook.app/TallyBook";
			};
			name = Debug;
		};
		43278CD61C93FC5400D955F1 /* Release */ = {
			isa = XCBuildConfiguration;
			buildSettings = {
				BUNDLE_LOADER = "$(TEST_HOST)";
				INFOPLIST_FILE = TallyBookTests/Info.plist;
				LD_RUNPATH_SEARCH_PATHS = "$(inherited) @executable_path/Frameworks @loader_path/Frameworks";
				PRODUCT_BUNDLE_IDENTIFIER = com.yinmingji.TallyBookTests;
				PRODUCT_NAME = "$(TARGET_NAME)";
				TEST_HOST = "$(BUILT_PRODUCTS_DIR)/TallyBook.app/TallyBook";
			};
			name = Release;
		};
		43278CD81C93FC5400D955F1 /* Debug */ = {
			isa = XCBuildConfiguration;
			buildSettings = {
				INFOPLIST_FILE = TallyBookUITests/Info.plist;
				LD_RUNPATH_SEARCH_PATHS = "$(inherited) @executable_path/Frameworks @loader_path/Frameworks";
				PRODUCT_BUNDLE_IDENTIFIER = com.yinmingji.TallyBookUITests;
				PRODUCT_NAME = "$(TARGET_NAME)";
				TEST_TARGET_NAME = TallyBook;
				USES_XCTRUNNER = YES;
			};
			name = Debug;
		};
		43278CD91C93FC5400D955F1 /* Release */ = {
			isa = XCBuildConfiguration;
			buildSettings = {
				INFOPLIST_FILE = TallyBookUITests/Info.plist;
				LD_RUNPATH_SEARCH_PATHS = "$(inherited) @executable_path/Frameworks @loader_path/Frameworks";
				PRODUCT_BUNDLE_IDENTIFIER = com.yinmingji.TallyBookUITests;
				PRODUCT_NAME = "$(TARGET_NAME)";
				TEST_TARGET_NAME = TallyBook;
				USES_XCTRUNNER = YES;
			};
			name = Release;
		};
/* End XCBuildConfiguration section */

/* Begin XCConfigurationList section */
		43278CA41C93FC5400D955F1 /* Build configuration list for PBXProject "TallyBook" */ = {
			isa = XCConfigurationList;
			buildConfigurations = (
				43278CCF1C93FC5400D955F1 /* Debug */,
				43278CD01C93FC5400D955F1 /* Release */,
			);
			defaultConfigurationIsVisible = 0;
			defaultConfigurationName = Release;
		};
		43278CD11C93FC5400D955F1 /* Build configuration list for PBXNativeTarget "TallyBook" */ = {
			isa = XCConfigurationList;
			buildConfigurations = (
				43278CD21C93FC5400D955F1 /* Debug */,
				43278CD31C93FC5400D955F1 /* Release */,
			);
			defaultConfigurationIsVisible = 0;
			defaultConfigurationName = Release;
		};
		43278CD41C93FC5400D955F1 /* Build configuration list for PBXNativeTarget "TallyBookTests" */ = {
			isa = XCConfigurationList;
			buildConfigurations = (
				43278CD51C93FC5400D955F1 /* Debug */,
				43278CD61C93FC5400D955F1 /* Release */,
			);
			defaultConfigurationIsVisible = 0;
			defaultConfigurationName = Release;
		};
		43278CD71C93FC5400D955F1 /* Build configuration list for PBXNativeTarget "TallyBookUITests" */ = {
			isa = XCConfigurationList;
			buildConfigurations = (
				43278CD81C93FC5400D955F1 /* Debug */,
				43278CD91C93FC5400D955F1 /* Release */,
			);
			defaultConfigurationIsVisible = 0;
			defaultConfigurationName = Release;
		};
/* End XCConfigurationList section */

/* Begin XCVersionGroup section */
		4302EAB71CB7EE49003F3B5D /* TallyBookModels.xcdatamodeld */ = {
			isa = XCVersionGroup;
			children = (
				4302EAB81CB7EE49003F3B5D /* TallyBookModels.xcdatamodel */,
			);
			currentVersion = 4302EAB81CB7EE49003F3B5D /* TallyBookModels.xcdatamodel */;
			path = TallyBookModels.xcdatamodeld;
			sourceTree = "<group>";
			versionGroupType = wrapper.xcdatamodel;
		};
/* End XCVersionGroup section */
	};
	rootObject = 43278CA11C93FC5400D955F1 /* Project object */;
}
